<?xml version="1.0" encoding="utf-8"?>
<Project ToolsVersion="4.0" xmlns="http://schemas.microsoft.com/developer/msbuild/2003">
  <ItemGroup>
    <Filter Include="Source Files">
      <UniqueIdentifier>{4FC737F1-C7A5-4376-A066-2A32D752A2FF}</UniqueIdentifier>
      <Extensions>cpp;c;cc;cxx;c++;cppm;ixx;def;odl;idl;hpj;bat;asm;asmx</Extensions>
    </Filter>
    <Filter Include="Header Files">
      <UniqueIdentifier>{93995380-89BD-4b04-88EB-625FBE52EBFB}</UniqueIdentifier>
      <Extensions>h;hh;hpp;hxx;h++;hm;inl;inc;ipp;xsd</Extensions>
    </Filter>
    <Filter Include="Resource Files">
      <UniqueIdentifier>{67DA6AB6-F800-4c08-8B7A-83BB121AAD01}</UniqueIdentifier>
      <Extensions>rc;ico;cur;bmp;dlg;rc2;rct;bin;rgs;gif;jpg;jpeg;jpe;resx;tiff;tif;png;wav;mfcribbon-ms</Extensions>
    </Filter>
    <Filter Include="FragmentShaders">
      <UniqueIdentifier>{15c2536e-e05c-4aa8-806c-7f898dc963d7}</UniqueIdentifier>
    </Filter>
    <Filter Include="VertexShaders">
      <UniqueIdentifier>{9be5c4a4-4378-4a8b-994d-7ecb7ed906d3}</UniqueIdentifier>
    </Filter>
    <Filter Include="TweenClasses">
      <UniqueIdentifier>{2fc97dc7-ff4a-4492-a43f-e699362493ad}</UniqueIdentifier>
    </Filter>
    <Filter Include="Renderer Classes">
      <UniqueIdentifier>{e01f5ac9-472d-4d6b-82b9-f90c69bff2e4}</UniqueIdentifier>
    </Filter>
  </ItemGroup>
  <ItemGroup>
    <ClCompile Include="Main.cpp">
      <Filter>Source Files</Filter>
    </ClCompile>
    <ClCompile Include="ShaderProgram.cpp">
      <Filter>Source Files</Filter>
    </ClCompile>
    <ClCompile Include="Scene.cpp">
      <Filter>Source Files</Filter>
    </ClCompile>
    <ClCompile Include="Entity.cpp">
      <Filter>Source Files</Filter>
    </ClCompile>
    <ClCompile Include="Transform.cpp">
      <Filter>Source Files</Filter>
    </ClCompile>
    <ClCompile Include="ResourceManager.cpp">
      <Filter>Source Files</Filter>
    </ClCompile>
    <ClCompile Include="Texture2D.cpp">
      <Filter>Source Files</Filter>
    </ClCompile>
    <ClCompile Include="OrthoCamera.cpp">
      <Filter>Source Files</Filter>
    </ClCompile>
    <ClCompile Include="EventInfo.cpp">
      <Filter>Source Files</Filter>
    </ClCompile>
    <ClCompile Include="EventListener.cpp">
      <Filter>Source Files</Filter>
    </ClCompile>
    <ClCompile Include="glad.c">
      <Filter>Source Files</Filter>
    </ClCompile>
    <ClCompile Include="TweenManager.cpp">
      <Filter>TweenClasses</Filter>
    </ClCompile>
    <ClCompile Include="Tween.cpp">
      <Filter>TweenClasses</Filter>
    </ClCompile>
    <ClCompile Include="FloatTween.cpp">
      <Filter>TweenClasses</Filter>
    </ClCompile>
    <ClCompile Include="Vec3Tween.cpp">
      <Filter>TweenClasses</Filter>
    </ClCompile>
    <ClCompile Include="UIntTween.cpp">
      <Filter>TweenClasses</Filter>
    </ClCompile>
    <ClCompile Include="Vec2Tween.cpp">
      <Filter>TweenClasses</Filter>
    </ClCompile>
    <ClCompile Include="IntTween.cpp">
      <Filter>TweenClasses</Filter>
    </ClCompile>
    <ClCompile Include="DoubleTween.cpp">
      <Filter>TweenClasses</Filter>
    </ClCompile>
    <ClCompile Include="SpriteRenderer.cpp">
      <Filter>Renderer Classes</Filter>
    </ClCompile>
    <ClCompile Include="RectangleRenderer.cpp">
      <Filter>Renderer Classes</Filter>
    </ClCompile>
    <ClCompile Include="EllipseRenderer.cpp">
      <Filter>Renderer Classes</Filter>
    </ClCompile>
    <ClCompile Include="LineRenderer.cpp">
      <Filter>Renderer Classes</Filter>
    </ClCompile>
  </ItemGroup>
  <ItemGroup>
    <None Include="FragmentShaders\EllipseDefault.frag">
      <Filter>FragmentShaders</Filter>
    </None>
    <None Include="FragmentShaders\RectangleDefault.frag">
      <Filter>FragmentShaders</Filter>
    </None>
    <None Include="FragmentShaders\SpriteDefault.frag">
      <Filter>FragmentShaders</Filter>
    </None>
    <None Include="VertexShaders\SpriteDefault.vert">
      <Filter>VertexShaders</Filter>
    </None>
    <None Include="VertexShaders\RectangleDefault.vert">
      <Filter>VertexShaders</Filter>
    </None>
    <None Include="VertexShaders\EllipseDefault.vert">
      <Filter>VertexShaders</Filter>
    </None>
    <None Include="VertexShaders\Default.vert">
      <Filter>VertexShaders</Filter>
    </None>
    <None Include="FragmentShaders\Default.frag">
      <Filter>FragmentShaders</Filter>
    </None>
    <None Include="FragmentShaders\LineDefault.frag">
      <Filter>FragmentShaders</Filter>
    </None>
    <None Include="VertexShaders\LineDefault.vert">
      <Filter>VertexShaders</Filter>
    </None>
  </ItemGroup>
  <ItemGroup>
    <ClInclude Include="ShaderProgram.h">
      <Filter>Header Files</Filter>
    </ClInclude>
    <ClInclude Include="Scene.h">
      <Filter>Header Files</Filter>
    </ClInclude>
    <ClInclude Include="Entity.h">
      <Filter>Header Files</Filter>
    </ClInclude>
    <ClInclude Include="Transform.h">
      <Filter>Header Files</Filter>
    </ClInclude>
    <ClInclude Include="ResourceManager.h">
      <Filter>Header Files</Filter>
    </ClInclude>
    <ClInclude Include="Component.h">
      <Filter>Header Files</Filter>
    </ClInclude>
    <ClInclude Include="Texture2D.h">
      <Filter>Header Files</Filter>
    </ClInclude>
    <ClInclude Include="Camera.h">
      <Filter>Header Files</Filter>
    </ClInclude>
    <ClInclude Include="OrthoCamera.h">
      <Filter>Header Files</Filter>
    </ClInclude>
    <ClInclude Include="EventInfo.h">
      <Filter>Header Files</Filter>
    </ClInclude>
    <ClInclude Include="EventListener.h">
      <Filter>Header Files</Filter>
    </ClInclude>
    <ClInclude Include="TweenManager.h">
      <Filter>TweenClasses</Filter>
    </ClInclude>
    <ClInclude Include="Tween.h">
      <Filter>TweenClasses</Filter>
    </ClInclude>
    <ClInclude Include="FloatTween.h">
      <Filter>TweenClasses</Filter>
    </ClInclude>
    <ClInclude Include="Vec3Tween.h">
      <Filter>TweenClasses</Filter>
    </ClInclude>
    <ClInclude Include="UIntTween.h">
      <Filter>TweenClasses</Filter>
    </ClInclude>
    <ClInclude Include="Vec2Tween.h">
      <Filter>TweenClasses</Filter>
    </ClInclude>
    <ClInclude Include="IntTween.h">
      <Filter>TweenClasses</Filter>
    </ClInclude>
    <ClInclude Include="DoubleTween.h">
      <Filter>TweenClasses</Filter>
    </ClInclude>
    <ClInclude Include="RectangleRenderer.h">
      <Filter>Renderer Classes</Filter>
    </ClInclude>
    <ClInclude Include="EllipseRenderer.h">
      <Filter>Renderer Classes</Filter>
    </ClInclude>
    <ClInclude Include="SpriteRenderer.h">
      <Filter>Renderer Classes</Filter>
    </ClInclude>
    <ClInclude Include="LineRenderer.h">
      <Filter>Renderer Classes</Filter>
    </ClInclude>
  </ItemGroup>
  <ItemGroup>
    <Image Include="Textures\ZazaWolf.jpg">
      <Filter>Resource Files</Filter>
    </Image>
  </ItemGroup>
</Project>